
Microsoft Visual Studio Solution File, Format Version 12.00
# Visual Studio 15
VisualStudioVersion = 15.0.26730.12
MinimumVisualStudioVersion = 10.0.40219.1
Project("{FAE04EC0-301F-11D3-BF4B-00C04F79EFBC}") = "Basics", "Basics\Basics.csproj", "{29A2F7E2-8C84-4473-9D1B-BD7C8D53E16B}"
EndProject
Project("{FAE04EC0-301F-11D3-BF4B-00C04F79EFBC}") = "ValueTypeEquality", "ValueTypeEquality\ValueTypeEquality.csproj", "{476927C5-636F-40C0-A2FD-5A8A55B7B746}"
EndProject
Project("{FAE04EC0-301F-11D3-BF4B-00C04F79EFBC}") = "RefTypeEquality", "RefTypeEquality\RefTypeEquality.csproj", "{609BF8A2-5F5E-4694-989D-AF70A85A723F}"
EndProject
Project("{FAE04EC0-301F-11D3-BF4B-00C04F79EFBC}") = "StringIntCompare", "StringIntCompare\StringIntCompare.csproj", "{206870EC-0C87-424B-B8ED-297C50FA1A70}"
EndProject
Project("{FAE04EC0-301F-11D3-BF4B-00C04F79EFBC}") = "Strings", "Strings\Strings.csproj", "{1CC0AAED-DE13-472C-8742-B4E0547F7EE7}"
EndProject
Project("{FAE04EC0-301F-11D3-BF4B-00C04F79EFBC}") = "ComparerAndEqualityComparer", "ComparerAndEqualityComparer\ComparerAndEqualityComparer.csproj", "{A97D1027-545D-418E-A0FF-E61F0656DCD4}"
EndProject
Global
	GlobalSection(SolutionConfigurationPlatforms) = preSolution
		Debug|Any CPU = Debug|Any CPU
		Release|Any CPU = Release|Any CPU
	EndGlobalSection
	GlobalSection(ProjectConfigurationPlatforms) = postSolution
		{29A2F7E2-8C84-4473-9D1B-BD7C8D53E16B}.Debug|Any CPU.ActiveCfg = Debug|Any CPU
		{29A2F7E2-8C84-4473-9D1B-BD7C8D53E16B}.Debug|Any CPU.Build.0 = Debug|Any CPU
		{29A2F7E2-8C84-4473-9D1B-BD7C8D53E16B}.Release|Any CPU.ActiveCfg = Release|Any CPU
		{29A2F7E2-8C84-4473-9D1B-BD7C8D53E16B}.Release|Any CPU.Build.0 = Release|Any CPU
		{476927C5-636F-40C0-A2FD-5A8A55B7B746}.Debug|Any CPU.ActiveCfg = Debug|Any CPU
		{476927C5-636F-40C0-A2FD-5A8A55B7B746}.Debug|Any CPU.Build.0 = Debug|Any CPU
		{476927C5-636F-40C0-A2FD-5A8A55B7B746}.Release|Any CPU.ActiveCfg = Release|Any CPU
		{476927C5-636F-40C0-A2FD-5A8A55B7B746}.Release|Any CPU.Build.0 = Release|Any CPU
		{609BF8A2-5F5E-4694-989D-AF70A85A723F}.Debug|Any CPU.ActiveCfg = Debug|Any CPU
		{609BF8A2-5F5E-4694-989D-AF70A85A723F}.Debug|Any CPU.Build.0 = Debug|Any CPU
		{609BF8A2-5F5E-4694-989D-AF70A85A723F}.Release|Any CPU.ActiveCfg = Release|Any CPU
		{609BF8A2-5F5E-4694-989D-AF70A85A723F}.Release|Any CPU.Build.0 = Release|Any CPU
		{206870EC-0C87-424B-B8ED-297C50FA1A70}.Debug|Any CPU.ActiveCfg = Debug|Any CPU
		{206870EC-0C87-424B-B8ED-297C50FA1A70}.Debug|Any CPU.Build.0 = Debug|Any CPU
		{206870EC-0C87-424B-B8ED-297C50FA1A70}.Release|Any CPU.ActiveCfg = Release|Any CPU
		{206870EC-0C87-424B-B8ED-297C50FA1A70}.Release|Any CPU.Build.0 = Release|Any CPU
		{1CC0AAED-DE13-472C-8742-B4E0547F7EE7}.Debug|Any CPU.ActiveCfg = Debug|Any CPU
		{1CC0AAED-DE13-472C-8742-B4E0547F7EE7}.Debug|Any CPU.Build.0 = Debug|Any CPU
		{1CC0AAED-DE13-472C-8742-B4E0547F7EE7}.Release|Any CPU.ActiveCfg = Release|Any CPU
		{1CC0AAED-DE13-472C-8742-B4E0547F7EE7}.Release|Any CPU.Build.0 = Release|Any CPU
		{A97D1027-545D-418E-A0FF-E61F0656DCD4}.Debug|Any CPU.ActiveCfg = Debug|Any CPU
		{A97D1027-545D-418E-A0FF-E61F0656DCD4}.Debug|Any CPU.Build.0 = Debug|Any CPU
		{A97D1027-545D-418E-A0FF-E61F0656DCD4}.Release|Any CPU.ActiveCfg = Release|Any CPU
		{A97D1027-545D-418E-A0FF-E61F0656DCD4}.Release|Any CPU.Build.0 = Release|Any CPU
	EndGlobalSection
	GlobalSection(SolutionProperties) = preSolution
		HideSolutionNode = FALSE
	EndGlobalSection
	GlobalSection(ExtensibilityGlobals) = postSolution
		SolutionGuid = {8FAF51F2-3F42-4DA6-A43D-9100B36482BC}
	EndGlobalSection
EndGlobal
